
Microsoft Visual Studio Solution File, Format Version 12.00
# Visual Studio 2012
Project("{FAE04EC0-301F-11D3-BF4B-00C04F79EFBC}") = "Flaming-impression", "Flaming-impression\Flaming-impression.csproj", "{9C84095C-0729-4266-8903-5D99B3C02267}"
EndProject
Global
	GlobalSection(SolutionConfigurationPlatforms) = preSolution
		Debug|Any CPU = Debug|Any CPU
		Release|Any CPU = Release|Any CPU
	EndGlobalSection
	GlobalSection(ProjectConfigurationPlatforms) = postSolution
		{9C84095C-0729-4266-8903-5D99B3C02267}.Debug|Any CPU.ActiveCfg = Debug|Any CPU
		{9C84095C-0729-4266-8903-5D99B3C02267}.Debug|Any CPU.Build.0 = Debug|Any CPU
		{9C84095C-0729-4266-8903-5D99B3C02267}.Release|Any CPU.ActiveCfg = Release|Any CPU
		{9C84095C-0729-4266-8903-5D99B3C02267}.Release|Any CPU.Build.0 = Release|Any CPU
	EndGlobalSection
	GlobalSection(SolutionProperties) = preSolution
		HideSolutionNode = FALSE
	EndGlobalSection
EndGlobal
